
Microsoft Visual Studio Solution File, Format Version 12.00
# Visual Studio Version 17
VisualStudioVersion = 17.4.33122.133
MinimumVisualStudioVersion = 10.0.40219.1
Project("{FAE04EC0-301F-11D3-BF4B-00C04F79EFBC}") = "FirstApp", "FirstApp\FirstApp.csproj", "{840C64AB-E3B7-4244-9FDE-80CA6F724228}"
EndProject
Global
	GlobalSection(SolutionConfigurationPlatforms) = preSolution
		Debug|Any CPU = Debug|Any CPU
		Release|Any CPU = Release|Any CPU
	EndGlobalSection
	GlobalSection(ProjectConfigurationPlatforms) = postSolution
		{840C64AB-E3B7-4244-9FDE-80CA6F724228}.Debug|Any CPU.ActiveCfg = Debug|Any CPU
		{840C64AB-E3B7-4244-9FDE-80CA6F724228}.Debug|Any CPU.Build.0 = Debug|Any CPU
		{840C64AB-E3B7-4244-9FDE-80CA6F724228}.Release|Any CPU.ActiveCfg = Release|Any CPU
		{840C64AB-E3B7-4244-9FDE-80CA6F724228}.Release|Any CPU.Build.0 = Release|Any CPU
	EndGlobalSection
	GlobalSection(SolutionProperties) = preSolution
		HideSolutionNode = FALSE
	EndGlobalSection
	GlobalSection(ExtensibilityGlobals) = postSolution
		SolutionGuid = {7E8081CF-678D-4FD9-A533-A31EFC2601D2}
	EndGlobalSection
EndGlobal
